
Microsoft Visual Studio Solution File, Format Version 12.00
# Visual Studio 15
VisualStudioVersion = 15.0.27428.2002
MinimumVisualStudioVersion = 10.0.40219.1
Project("{FAE04EC0-301F-11D3-BF4B-00C04F79EFBC}") = "Team7B ESNET", "Team 7 ESNET\Team7B ESNET.csproj", "{5F5938DC-E188-416A-ABBB-43EA6E5DE816}"
EndProject
Global
	GlobalSection(SolutionConfigurationPlatforms) = preSolution
		Debug|Any CPU = Debug|Any CPU
		Release|Any CPU = Release|Any CPU
	EndGlobalSection
	GlobalSection(ProjectConfigurationPlatforms) = postSolution
		{5F5938DC-E188-416A-ABBB-43EA6E5DE816}.Debug|Any CPU.ActiveCfg = Debug|Any CPU
		{5F5938DC-E188-416A-ABBB-43EA6E5DE816}.Debug|Any CPU.Build.0 = Debug|Any CPU
		{5F5938DC-E188-416A-ABBB-43EA6E5DE816}.Release|Any CPU.ActiveCfg = Release|Any CPU
		{5F5938DC-E188-416A-ABBB-43EA6E5DE816}.Release|Any CPU.Build.0 = Release|Any CPU
	EndGlobalSection
	GlobalSection(SolutionProperties) = preSolution
		HideSolutionNode = FALSE
	EndGlobalSection
	GlobalSection(ExtensibilityGlobals) = postSolution
		SolutionGuid = {913A74D9-944D-49C4-A8AC-D1E4ADDD1DEE}
	EndGlobalSection
EndGlobal
